
Microsoft Visual Studio Solution File, Format Version 12.00
# Visual Studio Version 16
VisualStudioVersion = 16.0.30204.135
MinimumVisualStudioVersion = 10.0.40219.1
Project("{FAE04EC0-301F-11D3-BF4B-00C04F79EFBC}") = "asp.net-identity", "asp.net-identity\asp.net-identity.csproj", "{BA62CB02-70DF-4148-A096-AA09E958C902}"
EndProject
Project("{2150E333-8FDC-42A3-9474-1A3956D46DE8}") = "App_Data", "App_Data", "{DFA4EE3F-415D-48F8-A2AE-2A54D1A0F79E}"
	ProjectSection(SolutionItems) = preProject
		App_Data\aspnet-asp.net-identity-20200704074622.mdf = App_Data\aspnet-asp.net-identity-20200704074622.mdf
		App_Data\aspnet-asp.net-identity-20200704074622_log.ldf = App_Data\aspnet-asp.net-identity-20200704074622_log.ldf
	EndProjectSection
EndProject
Project("{9A19103F-16F7-4668-BE54-9A1E7A4F7556}") = "IdentityServerAspNetIdentity", "IdentityServerAspNetIdentity\IdentityServerAspNetIdentity.csproj", "{4AB719DF-CE0B-4581-BAA0-0F44921A3958}"
EndProject
Global
	GlobalSection(SolutionConfigurationPlatforms) = preSolution
		Debug|Any CPU = Debug|Any CPU
		Release|Any CPU = Release|Any CPU
	EndGlobalSection
	GlobalSection(ProjectConfigurationPlatforms) = postSolution
		{BA62CB02-70DF-4148-A096-AA09E958C902}.Debug|Any CPU.ActiveCfg = Debug|Any CPU
		{BA62CB02-70DF-4148-A096-AA09E958C902}.Debug|Any CPU.Build.0 = Debug|Any CPU
		{BA62CB02-70DF-4148-A096-AA09E958C902}.Release|Any CPU.ActiveCfg = Release|Any CPU
		{BA62CB02-70DF-4148-A096-AA09E958C902}.Release|Any CPU.Build.0 = Release|Any CPU
		{4AB719DF-CE0B-4581-BAA0-0F44921A3958}.Debug|Any CPU.ActiveCfg = Debug|Any CPU
		{4AB719DF-CE0B-4581-BAA0-0F44921A3958}.Debug|Any CPU.Build.0 = Debug|Any CPU
		{4AB719DF-CE0B-4581-BAA0-0F44921A3958}.Release|Any CPU.ActiveCfg = Release|Any CPU
		{4AB719DF-CE0B-4581-BAA0-0F44921A3958}.Release|Any CPU.Build.0 = Release|Any CPU
	EndGlobalSection
	GlobalSection(SolutionProperties) = preSolution
		HideSolutionNode = FALSE
	EndGlobalSection
	GlobalSection(ExtensibilityGlobals) = postSolution
		SolutionGuid = {045F0F2A-632C-470F-90FF-55BF43926DAD}
	EndGlobalSection
EndGlobal
